
Microsoft Visual Studio Solution File, Format Version 12.00
# Visual Studio Version 17
VisualStudioVersion = 17.14.36109.1 d17.14
MinimumVisualStudioVersion = 10.0.40219.1
Project("{FAE04EC0-301F-11D3-BF4B-00C04F79EFBC}") = "UnicomTicManagement", "UnicomTicManagement\UnicomTicManagement.csproj", "{CE90B4A8-94DC-487A-87AB-ADB97F454259}"
EndProject
Global
	GlobalSection(SolutionConfigurationPlatforms) = preSolution
		Debug|Any CPU = Debug|Any CPU
		Release|Any CPU = Release|Any CPU
	EndGlobalSection
	GlobalSection(ProjectConfigurationPlatforms) = postSolution
		{CE90B4A8-94DC-487A-87AB-ADB97F454259}.Debug|Any CPU.ActiveCfg = Debug|Any CPU
		{CE90B4A8-94DC-487A-87AB-ADB97F454259}.Debug|Any CPU.Build.0 = Debug|Any CPU
		{CE90B4A8-94DC-487A-87AB-ADB97F454259}.Release|Any CPU.ActiveCfg = Release|Any CPU
		{CE90B4A8-94DC-487A-87AB-ADB97F454259}.Release|Any CPU.Build.0 = Release|Any CPU
	EndGlobalSection
	GlobalSection(SolutionProperties) = preSolution
		HideSolutionNode = FALSE
	EndGlobalSection
	GlobalSection(ExtensibilityGlobals) = postSolution
		SolutionGuid = {2FBB1FA0-5174-4DC8-8AA1-321D7441DB55}
	EndGlobalSection
EndGlobal
